
Microsoft Visual Studio Solution File, Format Version 12.00
# Visual Studio Version 17
VisualStudioVersion = 17.8.34511.84
MinimumVisualStudioVersion = 10.0.40219.1
Project("{FAE04EC0-301F-11D3-BF4B-00C04F79EFBC}") = "421Lab11", "421Lab11\421Lab11.csproj", "{22CCAFB2-A82B-4E79-8F6A-7867DE65BE4E}"
EndProject
Global
	GlobalSection(SolutionConfigurationPlatforms) = preSolution
		Debug|Any CPU = Debug|Any CPU
		Release|Any CPU = Release|Any CPU
	EndGlobalSection
	GlobalSection(ProjectConfigurationPlatforms) = postSolution
		{22CCAFB2-A82B-4E79-8F6A-7867DE65BE4E}.Debug|Any CPU.ActiveCfg = Debug|Any CPU
		{22CCAFB2-A82B-4E79-8F6A-7867DE65BE4E}.Debug|Any CPU.Build.0 = Debug|Any CPU
		{22CCAFB2-A82B-4E79-8F6A-7867DE65BE4E}.Release|Any CPU.ActiveCfg = Release|Any CPU
		{22CCAFB2-A82B-4E79-8F6A-7867DE65BE4E}.Release|Any CPU.Build.0 = Release|Any CPU
	EndGlobalSection
	GlobalSection(SolutionProperties) = preSolution
		HideSolutionNode = FALSE
	EndGlobalSection
	GlobalSection(ExtensibilityGlobals) = postSolution
		SolutionGuid = {3D930751-0C2E-4056-AACA-3F7B46BD4295}
	EndGlobalSection
EndGlobal
